# This is a Gradle generated file for dependency locking.
# Manual edits can break the build and are not advised.
# This file is expected to be part of source control.
antlr:antlr:2.7.7=classpath
ch.qos.logback:logback-classic:1.2.3=classpath
ch.qos.logback:logback-core:1.2.3=classpath
com.diffplug.durian:durian-collect:1.2.0=classpath
com.diffplug.durian:durian-core:1.2.0=classpath
com.diffplug.durian:durian-io:1.2.0=classpath
com.diffplug.spotless:spotless-lib-extra:2.31.1=classpath
com.diffplug.spotless:spotless-lib:2.31.1=classpath
com.diffplug.spotless:spotless-plugin-gradle:6.12.1=classpath
com.fasterxml.jackson:jackson-bom:2.11.0=classpath
com.github.siom79.japicmp:japicmp:0.15.7=classpath
com.github.zafarkhaja:java-semver:0.9.0=classpath
com.googlecode.javaewah:JavaEWAH:1.1.12=classpath
com.jcraft:jsch.agentproxy.connector-factory:0.0.7=classpath
com.jcraft:jsch.agentproxy.core:0.0.7=classpath
com.jcraft:jsch.agentproxy.pageant:0.0.7=classpath
com.jcraft:jsch.agentproxy.sshagent:0.0.7=classpath
com.jcraft:jsch.agentproxy.svnkit-trilead-ssh2:0.0.7=classpath
com.jcraft:jsch.agentproxy.usocket-jna:0.0.7=classpath
com.jcraft:jsch.agentproxy.usocket-nc:0.0.7=classpath
com.jcraft:jzlib:1.1.2=classpath
com.netflix.nebula:gradle-contacts-plugin:6.0.0=classpath
com.netflix.nebula:gradle-dependency-lock-plugin:12.4.0=classpath
com.netflix.nebula:gradle-info-plugin:11.4.1=classpath
com.netflix.nebula:gradle-scm-plugin:6.0.0=classpath
com.netflix.nebula:nebula-dependencies-comparison:0.2.1=classpath
com.netflix.nebula:nebula-gradle-interop:2.0.0=classpath
com.netflix.nebula:nebula-project-plugin:9.4.0=classpath
com.netflix.nebula:nebula-publishing-plugin:18.4.0=classpath
com.netflix.nebula:nebula-release-plugin:16.1.0=classpath
com.perforce:p4java:2015.2.1365273=classpath
com.squareup.moshi:moshi:1.12.0=classpath
com.squareup.okio:okio:2.10.0=classpath
com.sun.istack:istack-commons-runtime:3.0.8=classpath
com.sun.xml.fastinfoset:FastInfoset:1.2.16=classpath
com.trilead:trilead-ssh2:1.0.0-build220=classpath
de.regnis.q.sequence:sequence-library:1.0.3=classpath
de.undercouch:gradle-download-task:5.2.1=classpath
io.github.gradle-nexus:publish-plugin:1.1.0=classpath
jakarta.activation:jakarta.activation-api:1.2.1=classpath
jakarta.xml.bind:jakarta.xml.bind-api:2.3.2=classpath
javax.activation:activation:1.1=classpath
joda-time:joda-time:2.10=classpath
me.champeau.gradle:japicmp-gradle-plugin:0.4.1=classpath
net.java.dev.jna:jna-platform:5.7.0=classpath
net.java.dev.jna:jna:5.7.0=classpath
net.java.dev.jna:platform:3.4.0=classpath
org.ajoberstar.grgit:grgit-core:4.0.2=classpath
org.antlr:antlr-runtime:3.4=classpath
org.eclipse.jgit:org.eclipse.jgit:5.13.0.202109080827-r=classpath
org.glassfish.jaxb:jaxb-runtime:2.3.2=classpath
org.glassfish.jaxb:txw2:2.3.2=classpath
org.javassist:javassist:3.24.0-GA=classpath
org.jetbrains.kotlin:kotlin-stdlib-common:1.5.30=classpath
org.jetbrains.kotlin:kotlin-stdlib-jdk7:1.5.30=classpath
org.jetbrains.kotlin:kotlin-stdlib-jdk8:1.5.30=classpath
org.jetbrains.kotlin:kotlin-stdlib:1.5.30=classpath
org.jetbrains:annotations:13.0=classpath
org.jvnet.staxex:stax-ex:1.8.1=classpath
org.slf4j:slf4j-api:1.7.30=classpath
org.tmatesoft.sqljet:sqljet:1.1.10=classpath
org.tmatesoft.svnkit:svnkit:1.8.12=classpath
empty=
